
Microsoft Visual Studio Solution File, Format Version 12.00
# Visual Studio Version 17
VisualStudioVersion = 17.6.33801.468
MinimumVisualStudioVersion = 10.0.40219.1
Project("{9A19103F-16F7-4668-BE54-9A1E7A4F7556}") = "RealEestateSystem", "RealEestateSystem\RealEestateSystem.csproj", "{5D572259-C915-4088-A457-F228E697B752}"
EndProject
Project("{2150E333-8FDC-42A3-9474-1A3956D46DE8}") = "Data", "Data", "{080CD245-7702-426E-A12C-00D1D97D042B}"
EndProject
Project("{2150E333-8FDC-42A3-9474-1A3956D46DE8}") = "Services", "Services", "{C4C87E6E-0CB2-49D2-A454-C56536FB6CFE}"
EndProject
Project("{2150E333-8FDC-42A3-9474-1A3956D46DE8}") = "Tests", "Tests", "{BB966CA7-0CA7-483C-A0AD-DE538AE94411}"
EndProject
Project("{2150E333-8FDC-42A3-9474-1A3956D46DE8}") = "Web", "Web", "{9F284DE2-318F-43BA-92D6-877507FA1FF2}"
EndProject
Project("{9A19103F-16F7-4668-BE54-9A1E7A4F7556}") = "RealEstateSystem.Web.DataView", "RealEstateSystem.Web.DataView\RealEstateSystem.Web.DataView.csproj", "{518D88C5-9A20-487E-8BE2-C5958AF42A0A}"
EndProject
Project("{9A19103F-16F7-4668-BE54-9A1E7A4F7556}") = "RealEstateSystem.Common", "RealEstateSystem.Common\RealEstateSystem.Common.csproj", "{1E18C4B5-A223-46F8-83C4-60322DE420E4}"
EndProject
Project("{9A19103F-16F7-4668-BE54-9A1E7A4F7556}") = "RealEstateSystem.Web.Infrastrucure", "RealEstateSystem.Web.Infrastrucure\RealEstateSystem.Web.Infrastrucure.csproj", "{484C04B2-0813-4D68-8100-8D55C92D02C3}"
EndProject
Project("{9A19103F-16F7-4668-BE54-9A1E7A4F7556}") = "RealEstateSystem.Data", "RealEstateSystem.Data\RealEstateSystem.Data.csproj", "{D6DB6368-F78C-444B-B8E2-339E2D5E807A}"
EndProject
Project("{9A19103F-16F7-4668-BE54-9A1E7A4F7556}") = "RealEstateSystem.Data.Models", "RealEstateSystem.Data.Models\RealEstateSystem.Data.Models.csproj", "{91FDF51C-8A53-4AB1-8F89-4A171FECE211}"
EndProject
Project("{FAE04EC0-301F-11D3-BF4B-00C04F79EFBC}") = "RealEstateSystem.Services.Data", "RealEstateSystem.Services.Data\RealEstateSystem.Services.Data.csproj", "{65AE4F98-8CD1-421C-8360-2B829870DFC5}"
EndProject
Global
	GlobalSection(SolutionConfigurationPlatforms) = preSolution
		Debug|Any CPU = Debug|Any CPU
		Release|Any CPU = Release|Any CPU
	EndGlobalSection
	GlobalSection(ProjectConfigurationPlatforms) = postSolution
		{5D572259-C915-4088-A457-F228E697B752}.Debug|Any CPU.ActiveCfg = Debug|Any CPU
		{5D572259-C915-4088-A457-F228E697B752}.Debug|Any CPU.Build.0 = Debug|Any CPU
		{5D572259-C915-4088-A457-F228E697B752}.Release|Any CPU.ActiveCfg = Release|Any CPU
		{5D572259-C915-4088-A457-F228E697B752}.Release|Any CPU.Build.0 = Release|Any CPU
		{518D88C5-9A20-487E-8BE2-C5958AF42A0A}.Debug|Any CPU.ActiveCfg = Debug|Any CPU
		{518D88C5-9A20-487E-8BE2-C5958AF42A0A}.Debug|Any CPU.Build.0 = Debug|Any CPU
		{518D88C5-9A20-487E-8BE2-C5958AF42A0A}.Release|Any CPU.ActiveCfg = Release|Any CPU
		{518D88C5-9A20-487E-8BE2-C5958AF42A0A}.Release|Any CPU.Build.0 = Release|Any CPU
		{1E18C4B5-A223-46F8-83C4-60322DE420E4}.Debug|Any CPU.ActiveCfg = Debug|Any CPU
		{1E18C4B5-A223-46F8-83C4-60322DE420E4}.Debug|Any CPU.Build.0 = Debug|Any CPU
		{1E18C4B5-A223-46F8-83C4-60322DE420E4}.Release|Any CPU.ActiveCfg = Release|Any CPU
		{1E18C4B5-A223-46F8-83C4-60322DE420E4}.Release|Any CPU.Build.0 = Release|Any CPU
		{484C04B2-0813-4D68-8100-8D55C92D02C3}.Debug|Any CPU.ActiveCfg = Debug|Any CPU
		{484C04B2-0813-4D68-8100-8D55C92D02C3}.Debug|Any CPU.Build.0 = Debug|Any CPU
		{484C04B2-0813-4D68-8100-8D55C92D02C3}.Release|Any CPU.ActiveCfg = Release|Any CPU
		{484C04B2-0813-4D68-8100-8D55C92D02C3}.Release|Any CPU.Build.0 = Release|Any CPU
		{D6DB6368-F78C-444B-B8E2-339E2D5E807A}.Debug|Any CPU.ActiveCfg = Debug|Any CPU
		{D6DB6368-F78C-444B-B8E2-339E2D5E807A}.Debug|Any CPU.Build.0 = Debug|Any CPU
		{D6DB6368-F78C-444B-B8E2-339E2D5E807A}.Release|Any CPU.ActiveCfg = Release|Any CPU
		{D6DB6368-F78C-444B-B8E2-339E2D5E807A}.Release|Any CPU.Build.0 = Release|Any CPU
		{91FDF51C-8A53-4AB1-8F89-4A171FECE211}.Debug|Any CPU.ActiveCfg = Debug|Any CPU
		{91FDF51C-8A53-4AB1-8F89-4A171FECE211}.Debug|Any CPU.Build.0 = Debug|Any CPU
		{91FDF51C-8A53-4AB1-8F89-4A171FECE211}.Release|Any CPU.ActiveCfg = Release|Any CPU
		{91FDF51C-8A53-4AB1-8F89-4A171FECE211}.Release|Any CPU.Build.0 = Release|Any CPU
		{65AE4F98-8CD1-421C-8360-2B829870DFC5}.Debug|Any CPU.ActiveCfg = Debug|Any CPU
		{65AE4F98-8CD1-421C-8360-2B829870DFC5}.Debug|Any CPU.Build.0 = Debug|Any CPU
		{65AE4F98-8CD1-421C-8360-2B829870DFC5}.Release|Any CPU.ActiveCfg = Release|Any CPU
		{65AE4F98-8CD1-421C-8360-2B829870DFC5}.Release|Any CPU.Build.0 = Release|Any CPU
	EndGlobalSection
	GlobalSection(SolutionProperties) = preSolution
		HideSolutionNode = FALSE
	EndGlobalSection
	GlobalSection(NestedProjects) = preSolution
		{5D572259-C915-4088-A457-F228E697B752} = {9F284DE2-318F-43BA-92D6-877507FA1FF2}
		{518D88C5-9A20-487E-8BE2-C5958AF42A0A} = {9F284DE2-318F-43BA-92D6-877507FA1FF2}
		{D6DB6368-F78C-444B-B8E2-339E2D5E807A} = {080CD245-7702-426E-A12C-00D1D97D042B}
		{91FDF51C-8A53-4AB1-8F89-4A171FECE211} = {080CD245-7702-426E-A12C-00D1D97D042B}
		{65AE4F98-8CD1-421C-8360-2B829870DFC5} = {C4C87E6E-0CB2-49D2-A454-C56536FB6CFE}
	EndGlobalSection
	GlobalSection(ExtensibilityGlobals) = postSolution
		SolutionGuid = {D2ECA0B5-71EE-406F-91FE-8A96A66EFC80}
	EndGlobalSection
EndGlobal
