
Microsoft Visual Studio Solution File, Format Version 12.00
# Visual Studio Version 17
VisualStudioVersion = 17.6.33801.468
MinimumVisualStudioVersion = 10.0.40219.1
Project("{FAE04EC0-301F-11D3-BF4B-00C04F79EFBC}") = "RealEestateSystem", "RealEestateSystem\RealEestateSystem.csproj", "{5D572259-C915-4088-A457-F228E697B752}"
EndProject
Global
	GlobalSection(SolutionConfigurationPlatforms) = preSolution
		Debug|Any CPU = Debug|Any CPU
		Release|Any CPU = Release|Any CPU
	EndGlobalSection
	GlobalSection(ProjectConfigurationPlatforms) = postSolution
		{5D572259-C915-4088-A457-F228E697B752}.Debug|Any CPU.ActiveCfg = Debug|Any CPU
		{5D572259-C915-4088-A457-F228E697B752}.Debug|Any CPU.Build.0 = Debug|Any CPU
		{5D572259-C915-4088-A457-F228E697B752}.Release|Any CPU.ActiveCfg = Release|Any CPU
		{5D572259-C915-4088-A457-F228E697B752}.Release|Any CPU.Build.0 = Release|Any CPU
	EndGlobalSection
	GlobalSection(SolutionProperties) = preSolution
		HideSolutionNode = FALSE
	EndGlobalSection
	GlobalSection(ExtensibilityGlobals) = postSolution
		SolutionGuid = {D2ECA0B5-71EE-406F-91FE-8A96A66EFC80}
	EndGlobalSection
EndGlobal
